
Microsoft Visual Studio Solution File, Format Version 12.00
# Visual Studio Version 17
VisualStudioVersion = 17.9.34622.214
MinimumVisualStudioVersion = 10.0.40219.1
Project("{FAE04EC0-301F-11D3-BF4B-00C04F79EFBC}") = "BarcodeReader", "BarcodeReader\BarcodeReader.csproj", "{096E00D8-ACAF-46A4-8AA7-06F4E686F1E3}"
EndProject
Global
	GlobalSection(SolutionConfigurationPlatforms) = preSolution
		Debug|Any CPU = Debug|Any CPU
		Release|Any CPU = Release|Any CPU
	EndGlobalSection
	GlobalSection(ProjectConfigurationPlatforms) = postSolution
		{096E00D8-ACAF-46A4-8AA7-06F4E686F1E3}.Debug|Any CPU.ActiveCfg = Debug|Any CPU
		{096E00D8-ACAF-46A4-8AA7-06F4E686F1E3}.Debug|Any CPU.Build.0 = Debug|Any CPU
		{096E00D8-ACAF-46A4-8AA7-06F4E686F1E3}.Release|Any CPU.ActiveCfg = Release|Any CPU
		{096E00D8-ACAF-46A4-8AA7-06F4E686F1E3}.Release|Any CPU.Build.0 = Release|Any CPU
	EndGlobalSection
	GlobalSection(SolutionProperties) = preSolution
		HideSolutionNode = FALSE
	EndGlobalSection
	GlobalSection(ExtensibilityGlobals) = postSolution
		SolutionGuid = {A3181E81-C099-4D3D-BA2C-D831C650725B}
	EndGlobalSection
EndGlobal
